
Microsoft Visual Studio Solution File, Format Version 12.00
# Visual Studio Version 17
VisualStudioVersion = 17.10.35004.147
MinimumVisualStudioVersion = 10.0.40219.1
Project("{FAE04EC0-301F-11D3-BF4B-00C04F79EFBC}") = "Shop_Management", "Shop_Management\Shop_Management.csproj", "{229D6B06-F5D4-4278-A4A1-3EC6D46BED16}"
EndProject
Global
	GlobalSection(SolutionConfigurationPlatforms) = preSolution
		Debug|Any CPU = Debug|Any CPU
		Release|Any CPU = Release|Any CPU
	EndGlobalSection
	GlobalSection(ProjectConfigurationPlatforms) = postSolution
		{229D6B06-F5D4-4278-A4A1-3EC6D46BED16}.Debug|Any CPU.ActiveCfg = Debug|Any CPU
		{229D6B06-F5D4-4278-A4A1-3EC6D46BED16}.Debug|Any CPU.Build.0 = Debug|Any CPU
		{229D6B06-F5D4-4278-A4A1-3EC6D46BED16}.Release|Any CPU.ActiveCfg = Release|Any CPU
		{229D6B06-F5D4-4278-A4A1-3EC6D46BED16}.Release|Any CPU.Build.0 = Release|Any CPU
	EndGlobalSection
	GlobalSection(SolutionProperties) = preSolution
		HideSolutionNode = FALSE
	EndGlobalSection
	GlobalSection(ExtensibilityGlobals) = postSolution
		SolutionGuid = {C8CA4F63-0AFA-49BB-98E0-0442BCD82262}
	EndGlobalSection
EndGlobal
